
Microsoft Visual Studio Solution File, Format Version 12.00
# Visual Studio Version 16
VisualStudioVersion = 16.0.33423.256
MinimumVisualStudioVersion = 10.0.40219.1
Project("{FAE04EC0-301F-11D3-BF4B-00C04F79EFBC}") = "CSE446_Assignment7", "CSE446_Assignment7\CSE446_Assignment7.csproj", "{1C23736A-DA20-4A94-BFE3-3FCE12F067B3}"
EndProject
Global
	GlobalSection(SolutionConfigurationPlatforms) = preSolution
		Debug|Any CPU = Debug|Any CPU
		Release|Any CPU = Release|Any CPU
	EndGlobalSection
	GlobalSection(ProjectConfigurationPlatforms) = postSolution
		{1C23736A-DA20-4A94-BFE3-3FCE12F067B3}.Debug|Any CPU.ActiveCfg = Debug|Any CPU
		{1C23736A-DA20-4A94-BFE3-3FCE12F067B3}.Debug|Any CPU.Build.0 = Debug|Any CPU
		{1C23736A-DA20-4A94-BFE3-3FCE12F067B3}.Release|Any CPU.ActiveCfg = Release|Any CPU
		{1C23736A-DA20-4A94-BFE3-3FCE12F067B3}.Release|Any CPU.Build.0 = Release|Any CPU
	EndGlobalSection
	GlobalSection(SolutionProperties) = preSolution
		HideSolutionNode = FALSE
	EndGlobalSection
	GlobalSection(ExtensibilityGlobals) = postSolution
		SolutionGuid = {282334A9-678B-41E9-9822-AC1D7CE6F753}
	EndGlobalSection
EndGlobal
